{
  "name": "myapp",
  "version": "1.0.0",
  "lockfileVersion": 1,
  "requires": true,
  "dependencies": {
    "@types/node": {
      "version": "10.0.3",
      "resolved": "https://registry.npmjs.org/@types/node/-/node-10.0.3.tgz",
      "integrity": "sha512-J7nx6JzxmtT4zyvfLipYL7jNaxvlCWpyG7JhhCQ4fQyG+AGfovAHoYR55TFx+X8akfkUJYpt5JG6GPeFMjZaCQ=="
    },
    "readline-sync": {
      "version": "1.4.9",
      "resolved": "https://registry.npmjs.org/readline-sync/-/readline-sync-1.4.9.tgz",
      "integrity": "sha1-PtqOZfI80qF+YTAbHwADOWr17No="
    }
  }
}
